
Microsoft Visual Studio Solution File, Format Version 12.00
# Visual Studio Version 17
VisualStudioVersion = 17.3.32825.248
MinimumVisualStudioVersion = 10.0.40219.1
Project("{9A19103F-16F7-4668-BE54-9A1E7A4F7556}") = "Folderizer", "Folderizer\Folderizer.csproj", "{22241583-7F8F-4375-9BA3-C9DEC1BCEBAD}"
EndProject
Project("{9A19103F-16F7-4668-BE54-9A1E7A4F7556}") = "Folderizer.Tests", "Folderizer.Tests\Folderizer.Tests.csproj", "{6D18003A-6120-43DF-B4E7-43C3654ACBF0}"
EndProject
Project("{FAE04EC0-301F-11D3-BF4B-00C04F79EFBC}") = "Uiorzo", "Uiorzo\Uiorzo.csproj", "{F558BF3B-C1B7-4845-9E89-534757BE687B}"
EndProject
Global
	GlobalSection(SolutionConfigurationPlatforms) = preSolution
		Debug|Any CPU = Debug|Any CPU
		Release|Any CPU = Release|Any CPU
	EndGlobalSection
	GlobalSection(ProjectConfigurationPlatforms) = postSolution
		{22241583-7F8F-4375-9BA3-C9DEC1BCEBAD}.Debug|Any CPU.ActiveCfg = Debug|Any CPU
		{22241583-7F8F-4375-9BA3-C9DEC1BCEBAD}.Debug|Any CPU.Build.0 = Debug|Any CPU
		{22241583-7F8F-4375-9BA3-C9DEC1BCEBAD}.Release|Any CPU.ActiveCfg = Release|Any CPU
		{22241583-7F8F-4375-9BA3-C9DEC1BCEBAD}.Release|Any CPU.Build.0 = Release|Any CPU
		{6D18003A-6120-43DF-B4E7-43C3654ACBF0}.Debug|Any CPU.ActiveCfg = Debug|Any CPU
		{6D18003A-6120-43DF-B4E7-43C3654ACBF0}.Debug|Any CPU.Build.0 = Debug|Any CPU
		{6D18003A-6120-43DF-B4E7-43C3654ACBF0}.Release|Any CPU.ActiveCfg = Release|Any CPU
		{6D18003A-6120-43DF-B4E7-43C3654ACBF0}.Release|Any CPU.Build.0 = Release|Any CPU
		{F558BF3B-C1B7-4845-9E89-534757BE687B}.Debug|Any CPU.ActiveCfg = Debug|Any CPU
		{F558BF3B-C1B7-4845-9E89-534757BE687B}.Debug|Any CPU.Build.0 = Debug|Any CPU
		{F558BF3B-C1B7-4845-9E89-534757BE687B}.Release|Any CPU.ActiveCfg = Release|Any CPU
		{F558BF3B-C1B7-4845-9E89-534757BE687B}.Release|Any CPU.Build.0 = Release|Any CPU
	EndGlobalSection
	GlobalSection(SolutionProperties) = preSolution
		HideSolutionNode = FALSE
	EndGlobalSection
	GlobalSection(ExtensibilityGlobals) = postSolution
		SolutionGuid = {01440A27-B6C5-484B-B6D5-D6FBCA3E8CBB}
	EndGlobalSection
EndGlobal
